
Microsoft Visual Studio Solution File, Format Version 12.00
# Visual Studio Version 16
VisualStudioVersion = 16.0.32106.194
MinimumVisualStudioVersion = 10.0.40219.1
Project("{9A19103F-16F7-4668-BE54-9A1E7A4F7556}") = "c_sharp_kafka", "c_sharp_kafka.csproj", "{CB0941B0-D1B1-40F1-99B5-886C9CE671F3}"
EndProject
Project("{2150E333-8FDC-42A3-9474-1A3956D46DE8}") = "Solution Items", "Solution Items", "{A9C6F4A9-A3F2-4649-8E5B-BCD3E182BCD6}"
	ProjectSection(SolutionItems) = preProject
		.editorconfig = .editorconfig
	EndProjectSection
EndProject
Global
	GlobalSection(SolutionConfigurationPlatforms) = preSolution
		Debug|Any CPU = Debug|Any CPU
		Release|Any CPU = Release|Any CPU
	EndGlobalSection
	GlobalSection(ProjectConfigurationPlatforms) = postSolution
		{CB0941B0-D1B1-40F1-99B5-886C9CE671F3}.Debug|Any CPU.ActiveCfg = Debug|Any CPU
		{CB0941B0-D1B1-40F1-99B5-886C9CE671F3}.Debug|Any CPU.Build.0 = Debug|Any CPU
		{CB0941B0-D1B1-40F1-99B5-886C9CE671F3}.Release|Any CPU.ActiveCfg = Release|Any CPU
		{CB0941B0-D1B1-40F1-99B5-886C9CE671F3}.Release|Any CPU.Build.0 = Release|Any CPU
	EndGlobalSection
	GlobalSection(SolutionProperties) = preSolution
		HideSolutionNode = FALSE
	EndGlobalSection
	GlobalSection(ExtensibilityGlobals) = postSolution
		SolutionGuid = {FC8F287A-5D4F-453D-89FD-FBF243B05A59}
	EndGlobalSection
EndGlobal
